// !$*UTF8*$!
{
	archiveVersion = 1;
	classes = {
	};
	objectVersion = 56;
	objects = {

/* Begin PBXBuildFile section */
		B0C7F3A02C2AEC9F00F6E235 /* ITindrApp.swift in Sources */ = {isa = PBXBuildFile; fileRef = B0C7F39F2C2AEC9F00F6E235 /* ITindrApp.swift */; };
		B0C7F3A22C2AEC9F00F6E235 /* ContentView.swift in Sources */ = {isa = PBXBuildFile; fileRef = B0C7F3A12C2AEC9F00F6E235 /* ContentView.swift */; };
		B0C7F3A42C2AECA100F6E235 /* Assets.xcassets in Resources */ = {isa = PBXBuildFile; fileRef = B0C7F3A32C2AECA100F6E235 /* Assets.xcassets */; };
		B0C7F3A72C2AECA100F6E235 /* Preview Assets.xcassets in Resources */ = {isa = PBXBuildFile; fileRef = B0C7F3A62C2AECA100F6E235 /* Preview Assets.xcassets */; };
		B0C7F3A92C2AECA100F6E235 /* Persistence.swift in Sources */ = {isa = PBXBuildFile; fileRef = B0C7F3A82C2AECA100F6E235 /* Persistence.swift */; };
		B0C7F3AC2C2AECA100F6E235 /* ITindr.xcdatamodeld in Sources */ = {isa = PBXBuildFile; fileRef = B0C7F3AA2C2AECA100F6E235 /* ITindr.xcdatamodeld */; };
/* End PBXBuildFile section */

/* Begin PBXFileReference section */
		B0C7F39C2C2AEC9F00F6E235 /* ITindr.app */ = {isa = PBXFileReference; explicitFileType = wrapper.application; includeInIndex = 0; path = ITindr.app; sourceTree = BUILT_PRODUCTS_DIR; };
		B0C7F39F2C2AEC9F00F6E235 /* ITindrApp.swift */ = {isa = PBXFileReference; lastKnownFileType = sourcecode.swift; path = ITindrApp.swift; sourceTree = "<group>"; };
		B0C7F3A12C2AEC9F00F6E235 /* ContentView.swift */ = {isa = PBXFileReference; lastKnownFileType = sourcecode.swift; path = ContentView.swift; sourceTree = "<group>"; };
		B0C7F3A32C2AECA100F6E235 /* Assets.xcassets */ = {isa = PBXFileReference; lastKnownFileType = folder.assetcatalog; path = Assets.xcassets; sourceTree = "<group>"; };
		B0C7F3A62C2AECA100F6E235 /* Preview Assets.xcassets */ = {isa = PBXFileReference; lastKnownFileType = folder.assetcatalog; path = "Preview Assets.xcassets"; sourceTree = "<group>"; };
		B0C7F3A82C2AECA100F6E235 /* Persistence.swift */ = {isa = PBXFileReference; lastKnownFileType = sourcecode.swift; path = Persistence.swift; sourceTree = "<group>"; };
		B0C7F3AB2C2AECA100F6E235 /* ITindr.xcdatamodel */ = {isa = PBXFileReference; lastKnownFileType = wrapper.xcdatamodel; path = ITindr.xcdatamodel; sourceTree = "<group>"; };
		B0C7F3BC2C2AEF5400F6E235 /* Info.plist */ = {isa = PBXFileReference; lastKnownFileType = text.plist.xml; path = Info.plist; sourceTree = "<group>"; };
/* End PBXFileReference section */

/* Begin PBXFrameworksBuildPhase section */
		B0C7F3992C2AEC9F00F6E235 /* Frameworks */ = {
			isa = PBXFrameworksBuildPhase;
			buildActionMask = 2147483647;
			files = (
			);
			runOnlyForDeploymentPostprocessing = 0;
		};
/* End PBXFrameworksBuildPhase section */

/* Begin PBXGroup section */
		B0C7F3932C2AEC9F00F6E235 = {
			isa = PBXGroup;
			children = (
				B0C7F39E2C2AEC9F00F6E235 /* ITindr */,
				B0C7F39D2C2AEC9F00F6E235 /* Products */,
			);
			sourceTree = "<group>";
		};
		B0C7F39D2C2AEC9F00F6E235 /* Products */ = {
			isa = PBXGroup;
			children = (
				B0C7F39C2C2AEC9F00F6E235 /* ITindr.app */,
			);
			name = Products;
			sourceTree = "<group>";
		};
		B0C7F39E2C2AEC9F00F6E235 /* ITindr */ = {
			isa = PBXGroup;
			children = (
				B0C7F3B82C2AEE5000F6E235 /* Presentation */,
				B0C7F3B72C2AEE4800F6E235 /* Data */,
				B0C7F3B42C2AEDFB00F6E235 /* Domain */,
				B0C7F3B22C2AED8A00F6E235 /* Application */,
				B0C7F3A52C2AECA100F6E235 /* Preview Content */,
			);
			path = ITindr;
			sourceTree = "<group>";
		};
		B0C7F3A52C2AECA100F6E235 /* Preview Content */ = {
			isa = PBXGroup;
			children = (
				B0C7F3A62C2AECA100F6E235 /* Preview Assets.xcassets */,
			);
			path = "Preview Content";
			sourceTree = "<group>";
		};
		B0C7F3B22C2AED8A00F6E235 /* Application */ = {
			isa = PBXGroup;
			children = (
				B0C7F3B32C2AEDA500F6E235 /* Resources */,
				B0C7F39F2C2AEC9F00F6E235 /* ITindrApp.swift */,
				B0C7F3A12C2AEC9F00F6E235 /* ContentView.swift */,
			);
			path = Application;
			sourceTree = "<group>";
		};
		B0C7F3B32C2AEDA500F6E235 /* Resources */ = {
			isa = PBXGroup;
			children = (
				B0C7F3A32C2AECA100F6E235 /* Assets.xcassets */,
				B0C7F3BC2C2AEF5400F6E235 /* Info.plist */,
			);
			path = Resources;
			sourceTree = "<group>";
		};
		B0C7F3B42C2AEDFB00F6E235 /* Domain */ = {
			isa = PBXGroup;
			children = (
			);
			path = Domain;
			sourceTree = "<group>";
		};
		B0C7F3B52C2AEDFF00F6E235 /* Services */ = {
			isa = PBXGroup;
			children = (
				B0C7F3B92C2AEECC00F6E235 /* Network */,
				B0C7F3B62C2AEE0300F6E235 /* CoreData */,
			);
			path = Services;
			sourceTree = "<group>";
		};
		B0C7F3B62C2AEE0300F6E235 /* CoreData */ = {
			isa = PBXGroup;
			children = (
				B0C7F3A82C2AECA100F6E235 /* Persistence.swift */,
				B0C7F3AA2C2AECA100F6E235 /* ITindr.xcdatamodeld */,
			);
			path = CoreData;
			sourceTree = "<group>";
		};
		B0C7F3B72C2AEE4800F6E235 /* Data */ = {
			isa = PBXGroup;
			children = (
				B0C7F3B52C2AEDFF00F6E235 /* Services */,
			);
			path = Data;
			sourceTree = "<group>";
		};
		B0C7F3B82C2AEE5000F6E235 /* Presentation */ = {
			isa = PBXGroup;
			children = (
			);
			path = Presentation;
			sourceTree = "<group>";
		};
		B0C7F3B92C2AEECC00F6E235 /* Network */ = {
			isa = PBXGroup;
			children = (
			);
			path = Network;
			sourceTree = "<group>";
		};
/* End PBXGroup section */

/* Begin PBXNativeTarget section */
		B0C7F39B2C2AEC9F00F6E235 /* ITindr */ = {
			isa = PBXNativeTarget;
			buildConfigurationList = B0C7F3AF2C2AECA100F6E235 /* Build configuration list for PBXNativeTarget "ITindr" */;
			buildPhases = (
				B0C7F3982C2AEC9F00F6E235 /* Sources */,
				B0C7F3992C2AEC9F00F6E235 /* Frameworks */,
				B0C7F39A2C2AEC9F00F6E235 /* Resources */,
			);
			buildRules = (
			);
			dependencies = (
			);
			name = ITindr;
			productName = ITindr;
			productReference = B0C7F39C2C2AEC9F00F6E235 /* ITindr.app */;
			productType = "com.apple.product-type.application";
		};
/* End PBXNativeTarget section */

/* Begin PBXProject section */
		B0C7F3942C2AEC9F00F6E235 /* Project object */ = {
			isa = PBXProject;
			attributes = {
				BuildIndependentTargetsInParallel = 1;
				LastSwiftUpdateCheck = 1520;
				LastUpgradeCheck = 1520;
				TargetAttributes = {
					B0C7F39B2C2AEC9F00F6E235 = {
						CreatedOnToolsVersion = 15.2;
					};
				};
			};
			buildConfigurationList = B0C7F3972C2AEC9F00F6E235 /* Build configuration list for PBXProject "ITindr" */;
			compatibilityVersion = "Xcode 14.0";
			developmentRegion = en;
			hasScannedForEncodings = 0;
			knownRegions = (
				en,
				Base,
				ru,
			);
			mainGroup = B0C7F3932C2AEC9F00F6E235;
			productRefGroup = B0C7F39D2C2AEC9F00F6E235 /* Products */;
			projectDirPath = "";
			projectRoot = "";
			targets = (
				B0C7F39B2C2AEC9F00F6E235 /* ITindr */,
			);
		};
/* End PBXProject section */

/* Begin PBXResourcesBuildPhase section */
		B0C7F39A2C2AEC9F00F6E235 /* Resources */ = {
			isa = PBXResourcesBuildPhase;
			buildActionMask = 2147483647;
			files = (
				B0C7F3A72C2AECA100F6E235 /* Preview Assets.xcassets in Resources */,
				B0C7F3A42C2AECA100F6E235 /* Assets.xcassets in Resources */,
			);
			runOnlyForDeploymentPostprocessing = 0;
		};
/* End PBXResourcesBuildPhase section */

/* Begin PBXSourcesBuildPhase section */
		B0C7F3982C2AEC9F00F6E235 /* Sources */ = {
			isa = PBXSourcesBuildPhase;
			buildActionMask = 2147483647;
			files = (
				B0C7F3A92C2AECA100F6E235 /* Persistence.swift in Sources */,
				B0C7F3AC2C2AECA100F6E235 /* ITindr.xcdatamodeld in Sources */,
				B0C7F3A22C2AEC9F00F6E235 /* ContentView.swift in Sources */,
				B0C7F3A02C2AEC9F00F6E235 /* ITindrApp.swift in Sources */,
			);
			runOnlyForDeploymentPostprocessing = 0;
		};
/* End PBXSourcesBuildPhase section */

/* Begin XCBuildConfiguration section */
		B0C7F3AD2C2AECA100F6E235 /* Debug */ = {
			isa = XCBuildConfiguration;
			buildSettings = {
				ALWAYS_SEARCH_USER_PATHS = NO;
				ASSETCATALOG_COMPILER_GENERATE_SWIFT_ASSET_SYMBOL_EXTENSIONS = YES;
				CLANG_ANALYZER_NONNULL = YES;
				CLANG_ANALYZER_NUMBER_OBJECT_CONVERSION = YES_AGGRESSIVE;
				CLANG_CXX_LANGUAGE_STANDARD = "gnu++20";
				CLANG_ENABLE_MODULES = YES;
				CLANG_ENABLE_OBJC_ARC = YES;
				CLANG_ENABLE_OBJC_WEAK = YES;
				CLANG_WARN_BLOCK_CAPTURE_AUTORELEASING = YES;
				CLANG_WARN_BOOL_CONVERSION = YES;
				CLANG_WARN_COMMA = YES;
				CLANG_WARN_CONSTANT_CONVERSION = YES;
				CLANG_WARN_DEPRECATED_OBJC_IMPLEMENTATIONS = YES;
				CLANG_WARN_DIRECT_OBJC_ISA_USAGE = YES_ERROR;
				CLANG_WARN_DOCUMENTATION_COMMENTS = YES;
				CLANG_WARN_EMPTY_BODY = YES;
				CLANG_WARN_ENUM_CONVERSION = YES;
				CLANG_WARN_INFINITE_RECURSION = YES;
				CLANG_WARN_INT_CONVERSION = YES;
				CLANG_WARN_NON_LITERAL_NULL_CONVERSION = YES;
				CLANG_WARN_OBJC_IMPLICIT_RETAIN_SELF = YES;
				CLANG_WARN_OBJC_LITERAL_CONVERSION = YES;
				CLANG_WARN_OBJC_ROOT_CLASS = YES_ERROR;
				CLANG_WARN_QUOTED_INCLUDE_IN_FRAMEWORK_HEADER = YES;
				CLANG_WARN_RANGE_LOOP_ANALYSIS = YES;
				CLANG_WARN_STRICT_PROTOTYPES = YES;
				CLANG_WARN_SUSPICIOUS_MOVE = YES;
				CLANG_WARN_UNGUARDED_AVAILABILITY = YES_AGGRESSIVE;
				CLANG_WARN_UNREACHABLE_CODE = YES;
				CLANG_WARN__DUPLICATE_METHOD_MATCH = YES;
				COPY_PHASE_STRIP = NO;
				DEBUG_INFORMATION_FORMAT = dwarf;
				ENABLE_STRICT_OBJC_MSGSEND = YES;
				ENABLE_TESTABILITY = YES;
				ENABLE_USER_SCRIPT_SANDBOXING = YES;
				GCC_C_LANGUAGE_STANDARD = gnu17;
				GCC_DYNAMIC_NO_PIC = NO;
				GCC_NO_COMMON_BLOCKS = YES;
				GCC_OPTIMIZATION_LEVEL = 0;
				GCC_PREPROCESSOR_DEFINITIONS = (
					"DEBUG=1",
					"$(inherited)",
				);
				GCC_WARN_64_TO_32_BIT_CONVERSION = YES;
				GCC_WARN_ABOUT_RETURN_TYPE = YES_ERROR;
				GCC_WARN_UNDECLARED_SELECTOR = YES;
				GCC_WARN_UNINITIALIZED_AUTOS = YES_AGGRESSIVE;
				GCC_WARN_UNUSED_FUNCTION = YES;
				GCC_WARN_UNUSED_VARIABLE = YES;
				IPHONEOS_DEPLOYMENT_TARGET = 15.0;
				LOCALIZATION_PREFERS_STRING_CATALOGS = YES;
				MTL_ENABLE_DEBUG_INFO = INCLUDE_SOURCE;
				MTL_FAST_MATH = YES;
				ONLY_ACTIVE_ARCH = YES;
				SDKROOT = iphoneos;
				SWIFT_ACTIVE_COMPILATION_CONDITIONS = "DEBUG $(inherited)";
				SWIFT_OPTIMIZATION_LEVEL = "-Onone";
			};
			name = Debug;
		};
		B0C7F3AE2C2AECA100F6E235 /* Release */ = {
			isa = XCBuildConfiguration;
			buildSettings = {
				ALWAYS_SEARCH_USER_PATHS = NO;
				ASSETCATALOG_COMPILER_GENERATE_SWIFT_ASSET_SYMBOL_EXTENSIONS = YES;
				CLANG_ANALYZER_NONNULL = YES;
				CLANG_ANALYZER_NUMBER_OBJECT_CONVERSION = YES_AGGRESSIVE;
				CLANG_CXX_LANGUAGE_STANDARD = "gnu++20";
				CLANG_ENABLE_MODULES = YES;
				CLANG_ENABLE_OBJC_ARC = YES;
				CLANG_ENABLE_OBJC_WEAK = YES;
				CLANG_WARN_BLOCK_CAPTURE_AUTORELEASING = YES;
				CLANG_WARN_BOOL_CONVERSION = YES;
				CLANG_WARN_COMMA = YES;
				CLANG_WARN_CONSTANT_CONVERSION = YES;
				CLANG_WARN_DEPRECATED_OBJC_IMPLEMENTATIONS = YES;
				CLANG_WARN_DIRECT_OBJC_ISA_USAGE = YES_ERROR;
				CLANG_WARN_DOCUMENTATION_COMMENTS = YES;
				CLANG_WARN_EMPTY_BODY = YES;
				CLANG_WARN_ENUM_CONVERSION = YES;
				CLANG_WARN_INFINITE_RECURSION = YES;
				CLANG_WARN_INT_CONVERSION = YES;
				CLANG_WARN_NON_LITERAL_NULL_CONVERSION = YES;
				CLANG_WARN_OBJC_IMPLICIT_RETAIN_SELF = YES;
				CLANG_WARN_OBJC_LITERAL_CONVERSION = YES;
				CLANG_WARN_OBJC_ROOT_CLASS = YES_ERROR;
				CLANG_WARN_QUOTED_INCLUDE_IN_FRAMEWORK_HEADER = YES;
				CLANG_WARN_RANGE_LOOP_ANALYSIS = YES;
				CLANG_WARN_STRICT_PROTOTYPES = YES;
				CLANG_WARN_SUSPICIOUS_MOVE = YES;
				CLANG_WARN_UNGUARDED_AVAILABILITY = YES_AGGRESSIVE;
				CLANG_WARN_UNREACHABLE_CODE = YES;
				CLANG_WARN__DUPLICATE_METHOD_MATCH = YES;
				COPY_PHASE_STRIP = NO;
				DEBUG_INFORMATION_FORMAT = "dwarf-with-dsym";
				ENABLE_NS_ASSERTIONS = NO;
				ENABLE_STRICT_OBJC_MSGSEND = YES;
				ENABLE_USER_SCRIPT_SANDBOXING = YES;
				GCC_C_LANGUAGE_STANDARD = gnu17;
				GCC_NO_COMMON_BLOCKS = YES;
				GCC_WARN_64_TO_32_BIT_CONVERSION = YES;
				GCC_WARN_ABOUT_RETURN_TYPE = YES_ERROR;
				GCC_WARN_UNDECLARED_SELECTOR = YES;
				GCC_WARN_UNINITIALIZED_AUTOS = YES_AGGRESSIVE;
				GCC_WARN_UNUSED_FUNCTION = YES;
				GCC_WARN_UNUSED_VARIABLE = YES;
				IPHONEOS_DEPLOYMENT_TARGET = 15.0;
				LOCALIZATION_PREFERS_STRING_CATALOGS = YES;
				MTL_ENABLE_DEBUG_INFO = NO;
				MTL_FAST_MATH = YES;
				SDKROOT = iphoneos;
				SWIFT_COMPILATION_MODE = wholemodule;
				VALIDATE_PRODUCT = YES;
			};
			name = Release;
		};
		B0C7F3B02C2AECA100F6E235 /* Debug */ = {
			isa = XCBuildConfiguration;
			buildSettings = {
				ASSETCATALOG_COMPILER_APPICON_NAME = AppIcon;
				ASSETCATALOG_COMPILER_GLOBAL_ACCENT_COLOR_NAME = AccentColor;
				CODE_SIGN_STYLE = Automatic;
				CURRENT_PROJECT_VERSION = 1;
				DEVELOPMENT_ASSET_PATHS = "\"ITindr/Preview Content\"";
				DEVELOPMENT_TEAM = L4LS264DFA;
				ENABLE_PREVIEWS = YES;
				GENERATE_INFOPLIST_FILE = YES;
				INFOPLIST_FILE = ITindr/Application/Resources/Info.plist;
				INFOPLIST_KEY_UIApplicationSceneManifest_Generation = YES;
				INFOPLIST_KEY_UIApplicationSupportsIndirectInputEvents = YES;
				INFOPLIST_KEY_UILaunchScreen_Generation = YES;
				INFOPLIST_KEY_UISupportedInterfaceOrientations = UIInterfaceOrientationPortrait;
				INFOPLIST_KEY_UISupportedInterfaceOrientations_iPad = "UIInterfaceOrientationLandscapeLeft UIInterfaceOrientationLandscapeRight UIInterfaceOrientationPortrait UIInterfaceOrientationPortraitUpsideDown";
				IPHONEOS_DEPLOYMENT_TARGET = 15.0;
				LD_RUNPATH_SEARCH_PATHS = (
					"$(inherited)",
					"@executable_path/Frameworks",
				);
				MARKETING_VERSION = 1.0;
				PRODUCT_BUNDLE_IDENTIFIER = "Tark-Wight.ITindr";
				PRODUCT_NAME = "$(TARGET_NAME)";
				SUPPORTED_PLATFORMS = "iphoneos iphonesimulator";
				SUPPORTS_MACCATALYST = NO;
				SUPPORTS_MAC_DESIGNED_FOR_IPHONE_IPAD = NO;
				SUPPORTS_XR_DESIGNED_FOR_IPHONE_IPAD = NO;
				SWIFT_EMIT_LOC_STRINGS = YES;
				SWIFT_VERSION = 5.0;
				TARGETED_DEVICE_FAMILY = 1;
			};
			name = Debug;
		};
		B0C7F3B12C2AECA100F6E235 /* Release */ = {
			isa = XCBuildConfiguration;
			buildSettings = {
				ASSETCATALOG_COMPILER_APPICON_NAME = AppIcon;
				ASSETCATALOG_COMPILER_GLOBAL_ACCENT_COLOR_NAME = AccentColor;
				CODE_SIGN_STYLE = Automatic;
				CURRENT_PROJECT_VERSION = 1;
				DEVELOPMENT_ASSET_PATHS = "\"ITindr/Preview Content\"";
				DEVELOPMENT_TEAM = L4LS264DFA;
				ENABLE_PREVIEWS = YES;
				GENERATE_INFOPLIST_FILE = YES;
				INFOPLIST_FILE = ITindr/Application/Resources/Info.plist;
				INFOPLIST_KEY_UIApplicationSceneManifest_Generation = YES;
				INFOPLIST_KEY_UIApplicationSupportsIndirectInputEvents = YES;
				INFOPLIST_KEY_UILaunchScreen_Generation = YES;
				INFOPLIST_KEY_UISupportedInterfaceOrientations = UIInterfaceOrientationPortrait;
				INFOPLIST_KEY_UISupportedInterfaceOrientations_iPad = "UIInterfaceOrientationLandscapeLeft UIInterfaceOrientationLandscapeRight UIInterfaceOrientationPortrait UIInterfaceOrientationPortraitUpsideDown";
				IPHONEOS_DEPLOYMENT_TARGET = 15.0;
				LD_RUNPATH_SEARCH_PATHS = (
					"$(inherited)",
					"@executable_path/Frameworks",
				);
				MARKETING_VERSION = 1.0;
				PRODUCT_BUNDLE_IDENTIFIER = "Tark-Wight.ITindr";
				PRODUCT_NAME = "$(TARGET_NAME)";
				SUPPORTED_PLATFORMS = "iphoneos iphonesimulator";
				SUPPORTS_MACCATALYST = NO;
				SUPPORTS_MAC_DESIGNED_FOR_IPHONE_IPAD = NO;
				SUPPORTS_XR_DESIGNED_FOR_IPHONE_IPAD = NO;
				SWIFT_EMIT_LOC_STRINGS = YES;
				SWIFT_VERSION = 5.0;
				TARGETED_DEVICE_FAMILY = 1;
			};
			name = Release;
		};
/* End XCBuildConfiguration section */

/* Begin XCConfigurationList section */
		B0C7F3972C2AEC9F00F6E235 /* Build configuration list for PBXProject "ITindr" */ = {
			isa = XCConfigurationList;
			buildConfigurations = (
				B0C7F3AD2C2AECA100F6E235 /* Debug */,
				B0C7F3AE2C2AECA100F6E235 /* Release */,
			);
			defaultConfigurationIsVisible = 0;
			defaultConfigurationName = Release;
		};
		B0C7F3AF2C2AECA100F6E235 /* Build configuration list for PBXNativeTarget "ITindr" */ = {
			isa = XCConfigurationList;
			buildConfigurations = (
				B0C7F3B02C2AECA100F6E235 /* Debug */,
				B0C7F3B12C2AECA100F6E235 /* Release */,
			);
			defaultConfigurationIsVisible = 0;
			defaultConfigurationName = Release;
		};
/* End XCConfigurationList section */

/* Begin XCVersionGroup section */
		B0C7F3AA2C2AECA100F6E235 /* ITindr.xcdatamodeld */ = {
			isa = XCVersionGroup;
			children = (
				B0C7F3AB2C2AECA100F6E235 /* ITindr.xcdatamodel */,
			);
			currentVersion = B0C7F3AB2C2AECA100F6E235 /* ITindr.xcdatamodel */;
			path = ITindr.xcdatamodeld;
			sourceTree = "<group>";
			versionGroupType = wrapper.xcdatamodel;
		};
/* End XCVersionGroup section */
	};
	rootObject = B0C7F3942C2AEC9F00F6E235 /* Project object */;
}
